
Microsoft Visual Studio Solution File, Format Version 12.00
# Visual Studio Version 16
VisualStudioVersion = 16.0.31829.152
MinimumVisualStudioVersion = 10.0.40219.1
Project("{FAE04EC0-301F-11D3-BF4B-00C04F79EFBC}") = "MainServer", "MainServer\MainServer.csproj", "{CCCB0A74-5031-4F4C-A503-D492EA152FCB}"
EndProject
Global
	GlobalSection(SolutionConfigurationPlatforms) = preSolution
		Debug|Any CPU = Debug|Any CPU
		Release|Any CPU = Release|Any CPU
	EndGlobalSection
	GlobalSection(ProjectConfigurationPlatforms) = postSolution
		{CCCB0A74-5031-4F4C-A503-D492EA152FCB}.Debug|Any CPU.ActiveCfg = Debug|Any CPU
		{CCCB0A74-5031-4F4C-A503-D492EA152FCB}.Debug|Any CPU.Build.0 = Debug|Any CPU
		{CCCB0A74-5031-4F4C-A503-D492EA152FCB}.Release|Any CPU.ActiveCfg = Release|Any CPU
		{CCCB0A74-5031-4F4C-A503-D492EA152FCB}.Release|Any CPU.Build.0 = Release|Any CPU
	EndGlobalSection
	GlobalSection(SolutionProperties) = preSolution
		HideSolutionNode = FALSE
	EndGlobalSection
	GlobalSection(ExtensibilityGlobals) = postSolution
		SolutionGuid = {6163139E-0960-4AAD-A8E6-6BB722B43DD0}
	EndGlobalSection
EndGlobal
