
Microsoft Visual Studio Solution File, Format Version 12.00
# Visual Studio Version 16
VisualStudioVersion = 16.0.31829.152
MinimumVisualStudioVersion = 10.0.40219.1
Project("{FAE04EC0-301F-11D3-BF4B-00C04F79EFBC}") = "UDP_Client_1", "UDP_Client_1\UDP_Client_1.csproj", "{37D684DB-C683-49AB-89C1-C5B4AD6B9640}"
EndProject
Project("{FAE04EC0-301F-11D3-BF4B-00C04F79EFBC}") = "UDP_Client_2", "UDP_Client_2\UDP_Client_2.csproj", "{C21704A4-F3A0-4ACB-9F5B-002823F5FEA9}"
EndProject
Project("{FAE04EC0-301F-11D3-BF4B-00C04F79EFBC}") = "UDP_Client_3", "UDP_Client_3\UDP_Client_3.csproj", "{9AA2767D-C0D4-4B58-A054-04C1AF8DBD3F}"
EndProject
Project("{FAE04EC0-301F-11D3-BF4B-00C04F79EFBC}") = "UDP_Client_4", "UDP_Client_4\UDP_Client_4.csproj", "{6CAB546D-B7C5-467D-B2FE-C545025D7FFF}"
EndProject
Project("{FAE04EC0-301F-11D3-BF4B-00C04F79EFBC}") = "UDP_Client_5", "UDP_Client_5\UDP_Client_5.csproj", "{D6D18908-9B5B-498D-8C94-103A66ED8E52}"
EndProject
Global
	GlobalSection(SolutionConfigurationPlatforms) = preSolution
		Debug|Any CPU = Debug|Any CPU
		Release|Any CPU = Release|Any CPU
	EndGlobalSection
	GlobalSection(ProjectConfigurationPlatforms) = postSolution
		{37D684DB-C683-49AB-89C1-C5B4AD6B9640}.Debug|Any CPU.ActiveCfg = Debug|Any CPU
		{37D684DB-C683-49AB-89C1-C5B4AD6B9640}.Debug|Any CPU.Build.0 = Debug|Any CPU
		{37D684DB-C683-49AB-89C1-C5B4AD6B9640}.Release|Any CPU.ActiveCfg = Release|Any CPU
		{37D684DB-C683-49AB-89C1-C5B4AD6B9640}.Release|Any CPU.Build.0 = Release|Any CPU
		{C21704A4-F3A0-4ACB-9F5B-002823F5FEA9}.Debug|Any CPU.ActiveCfg = Debug|Any CPU
		{C21704A4-F3A0-4ACB-9F5B-002823F5FEA9}.Debug|Any CPU.Build.0 = Debug|Any CPU
		{C21704A4-F3A0-4ACB-9F5B-002823F5FEA9}.Release|Any CPU.ActiveCfg = Release|Any CPU
		{C21704A4-F3A0-4ACB-9F5B-002823F5FEA9}.Release|Any CPU.Build.0 = Release|Any CPU
		{9AA2767D-C0D4-4B58-A054-04C1AF8DBD3F}.Debug|Any CPU.ActiveCfg = Debug|Any CPU
		{9AA2767D-C0D4-4B58-A054-04C1AF8DBD3F}.Debug|Any CPU.Build.0 = Debug|Any CPU
		{9AA2767D-C0D4-4B58-A054-04C1AF8DBD3F}.Release|Any CPU.ActiveCfg = Release|Any CPU
		{9AA2767D-C0D4-4B58-A054-04C1AF8DBD3F}.Release|Any CPU.Build.0 = Release|Any CPU
		{6CAB546D-B7C5-467D-B2FE-C545025D7FFF}.Debug|Any CPU.ActiveCfg = Debug|Any CPU
		{6CAB546D-B7C5-467D-B2FE-C545025D7FFF}.Debug|Any CPU.Build.0 = Debug|Any CPU
		{6CAB546D-B7C5-467D-B2FE-C545025D7FFF}.Release|Any CPU.ActiveCfg = Release|Any CPU
		{6CAB546D-B7C5-467D-B2FE-C545025D7FFF}.Release|Any CPU.Build.0 = Release|Any CPU
		{D6D18908-9B5B-498D-8C94-103A66ED8E52}.Debug|Any CPU.ActiveCfg = Debug|Any CPU
		{D6D18908-9B5B-498D-8C94-103A66ED8E52}.Debug|Any CPU.Build.0 = Debug|Any CPU
		{D6D18908-9B5B-498D-8C94-103A66ED8E52}.Release|Any CPU.ActiveCfg = Release|Any CPU
		{D6D18908-9B5B-498D-8C94-103A66ED8E52}.Release|Any CPU.Build.0 = Release|Any CPU
	EndGlobalSection
	GlobalSection(SolutionProperties) = preSolution
		HideSolutionNode = FALSE
	EndGlobalSection
	GlobalSection(ExtensibilityGlobals) = postSolution
		SolutionGuid = {7939885A-3151-4D28-BEE0-6CAAA6F014BD}
	EndGlobalSection
EndGlobal
