
Microsoft Visual Studio Solution File, Format Version 12.00
# Visual Studio Version 16
VisualStudioVersion = 16.0.31829.152
MinimumVisualStudioVersion = 10.0.40219.1
Project("{FAE04EC0-301F-11D3-BF4B-00C04F79EFBC}") = "DesignPattern", "DesignPattern\DesignPattern.csproj", "{A83CFB9A-627C-4567-BE71-F6F36FA95201}"
EndProject
Project("{FAE04EC0-301F-11D3-BF4B-00C04F79EFBC}") = "BookStore", "BookStore\BookStore.csproj", "{BA77142C-5BA7-4684-BA62-8F3A85C26C15}"
EndProject
Project("{FAE04EC0-301F-11D3-BF4B-00C04F79EFBC}") = "PocketMon", "PocketMon\PocketMon.csproj", "{3F4F616F-9082-4AF7-8AB2-CF5851A42924}"
EndProject
Project("{9A19103F-16F7-4668-BE54-9A1E7A4F7556}") = "ConsoleApp1", "ConsoleApp1\ConsoleApp1.csproj", "{B1D31745-8237-4845-873D-CE72E4FD1F6F}"
EndProject
Project("{9A19103F-16F7-4668-BE54-9A1E7A4F7556}") = "DailyLife", "DailyLife\DailyLife.csproj", "{D7E9A011-711C-491B-948D-61B875AE4970}"
EndProject
Project("{9A19103F-16F7-4668-BE54-9A1E7A4F7556}") = "GOF_code", "GOF_code\GOF_code.csproj", "{C4EA9AE6-43EA-4044-BCC4-ED598E294019}"
EndProject
Project("{9A19103F-16F7-4668-BE54-9A1E7A4F7556}") = "Maple", "Maple\Maple.csproj", "{CE6C5B3C-626C-492B-B44E-0FEB24D22922}"
EndProject
Project("{FAE04EC0-301F-11D3-BF4B-00C04F79EFBC}") = "Virtual", "Virtual\Virtual.csproj", "{98DB3A83-B4AD-4A2F-88F4-6AAFB95760F4}"
EndProject
Project("{FAE04EC0-301F-11D3-BF4B-00C04F79EFBC}") = "FacadePattern", "FacadePattern\FacadePattern.csproj", "{48854A9E-3971-4059-BE2B-2D23344CFD07}"
EndProject
Project("{FAE04EC0-301F-11D3-BF4B-00C04F79EFBC}") = "StrategyPattern", "StrategyPattern\StrategyPattern.csproj", "{70E282A0-D584-4292-9C57-22A7E0FF7C08}"
EndProject
Global
	GlobalSection(SolutionConfigurationPlatforms) = preSolution
		Debug|Any CPU = Debug|Any CPU
		Release|Any CPU = Release|Any CPU
	EndGlobalSection
	GlobalSection(ProjectConfigurationPlatforms) = postSolution
		{A83CFB9A-627C-4567-BE71-F6F36FA95201}.Debug|Any CPU.ActiveCfg = Debug|Any CPU
		{A83CFB9A-627C-4567-BE71-F6F36FA95201}.Debug|Any CPU.Build.0 = Debug|Any CPU
		{A83CFB9A-627C-4567-BE71-F6F36FA95201}.Release|Any CPU.ActiveCfg = Release|Any CPU
		{A83CFB9A-627C-4567-BE71-F6F36FA95201}.Release|Any CPU.Build.0 = Release|Any CPU
		{BA77142C-5BA7-4684-BA62-8F3A85C26C15}.Debug|Any CPU.ActiveCfg = Debug|Any CPU
		{BA77142C-5BA7-4684-BA62-8F3A85C26C15}.Debug|Any CPU.Build.0 = Debug|Any CPU
		{BA77142C-5BA7-4684-BA62-8F3A85C26C15}.Release|Any CPU.ActiveCfg = Release|Any CPU
		{BA77142C-5BA7-4684-BA62-8F3A85C26C15}.Release|Any CPU.Build.0 = Release|Any CPU
		{3F4F616F-9082-4AF7-8AB2-CF5851A42924}.Debug|Any CPU.ActiveCfg = Debug|Any CPU
		{3F4F616F-9082-4AF7-8AB2-CF5851A42924}.Debug|Any CPU.Build.0 = Debug|Any CPU
		{3F4F616F-9082-4AF7-8AB2-CF5851A42924}.Release|Any CPU.ActiveCfg = Release|Any CPU
		{3F4F616F-9082-4AF7-8AB2-CF5851A42924}.Release|Any CPU.Build.0 = Release|Any CPU
		{B1D31745-8237-4845-873D-CE72E4FD1F6F}.Debug|Any CPU.ActiveCfg = Debug|Any CPU
		{B1D31745-8237-4845-873D-CE72E4FD1F6F}.Debug|Any CPU.Build.0 = Debug|Any CPU
		{B1D31745-8237-4845-873D-CE72E4FD1F6F}.Release|Any CPU.ActiveCfg = Release|Any CPU
		{B1D31745-8237-4845-873D-CE72E4FD1F6F}.Release|Any CPU.Build.0 = Release|Any CPU
		{D7E9A011-711C-491B-948D-61B875AE4970}.Debug|Any CPU.ActiveCfg = Debug|Any CPU
		{D7E9A011-711C-491B-948D-61B875AE4970}.Debug|Any CPU.Build.0 = Debug|Any CPU
		{D7E9A011-711C-491B-948D-61B875AE4970}.Release|Any CPU.ActiveCfg = Release|Any CPU
		{D7E9A011-711C-491B-948D-61B875AE4970}.Release|Any CPU.Build.0 = Release|Any CPU
		{C4EA9AE6-43EA-4044-BCC4-ED598E294019}.Debug|Any CPU.ActiveCfg = Debug|Any CPU
		{C4EA9AE6-43EA-4044-BCC4-ED598E294019}.Debug|Any CPU.Build.0 = Debug|Any CPU
		{C4EA9AE6-43EA-4044-BCC4-ED598E294019}.Release|Any CPU.ActiveCfg = Release|Any CPU
		{C4EA9AE6-43EA-4044-BCC4-ED598E294019}.Release|Any CPU.Build.0 = Release|Any CPU
		{CE6C5B3C-626C-492B-B44E-0FEB24D22922}.Debug|Any CPU.ActiveCfg = Debug|Any CPU
		{CE6C5B3C-626C-492B-B44E-0FEB24D22922}.Debug|Any CPU.Build.0 = Debug|Any CPU
		{CE6C5B3C-626C-492B-B44E-0FEB24D22922}.Release|Any CPU.ActiveCfg = Release|Any CPU
		{CE6C5B3C-626C-492B-B44E-0FEB24D22922}.Release|Any CPU.Build.0 = Release|Any CPU
		{98DB3A83-B4AD-4A2F-88F4-6AAFB95760F4}.Debug|Any CPU.ActiveCfg = Debug|Any CPU
		{98DB3A83-B4AD-4A2F-88F4-6AAFB95760F4}.Debug|Any CPU.Build.0 = Debug|Any CPU
		{98DB3A83-B4AD-4A2F-88F4-6AAFB95760F4}.Release|Any CPU.ActiveCfg = Release|Any CPU
		{98DB3A83-B4AD-4A2F-88F4-6AAFB95760F4}.Release|Any CPU.Build.0 = Release|Any CPU
		{48854A9E-3971-4059-BE2B-2D23344CFD07}.Debug|Any CPU.ActiveCfg = Debug|Any CPU
		{48854A9E-3971-4059-BE2B-2D23344CFD07}.Debug|Any CPU.Build.0 = Debug|Any CPU
		{48854A9E-3971-4059-BE2B-2D23344CFD07}.Release|Any CPU.ActiveCfg = Release|Any CPU
		{48854A9E-3971-4059-BE2B-2D23344CFD07}.Release|Any CPU.Build.0 = Release|Any CPU
		{70E282A0-D584-4292-9C57-22A7E0FF7C08}.Debug|Any CPU.ActiveCfg = Debug|Any CPU
		{70E282A0-D584-4292-9C57-22A7E0FF7C08}.Debug|Any CPU.Build.0 = Debug|Any CPU
		{70E282A0-D584-4292-9C57-22A7E0FF7C08}.Release|Any CPU.ActiveCfg = Release|Any CPU
		{70E282A0-D584-4292-9C57-22A7E0FF7C08}.Release|Any CPU.Build.0 = Release|Any CPU
	EndGlobalSection
	GlobalSection(SolutionProperties) = preSolution
		HideSolutionNode = FALSE
	EndGlobalSection
	GlobalSection(ExtensibilityGlobals) = postSolution
		SolutionGuid = {44C0B95A-1D61-4408-BADF-0C0B0DEA6392}
	EndGlobalSection
EndGlobal
