
Microsoft Visual Studio Solution File, Format Version 12.00
# Visual Studio Version 16
VisualStudioVersion = 16.0.31829.152
MinimumVisualStudioVersion = 10.0.40219.1
Project("{FAE04EC0-301F-11D3-BF4B-00C04F79EFBC}") = "MyServer", "MyServer\MyServer.csproj", "{0843F14D-FFBE-4F00-B85B-A29F31AFF09A}"
EndProject
Project("{FAE04EC0-301F-11D3-BF4B-00C04F79EFBC}") = "MyClient", "MyClient\MyClient.csproj", "{A61A7CB2-B7AE-4D52-A6F5-EC5A546B40ED}"
EndProject
Global
	GlobalSection(SolutionConfigurationPlatforms) = preSolution
		Debug|Any CPU = Debug|Any CPU
		Release|Any CPU = Release|Any CPU
	EndGlobalSection
	GlobalSection(ProjectConfigurationPlatforms) = postSolution
		{0843F14D-FFBE-4F00-B85B-A29F31AFF09A}.Debug|Any CPU.ActiveCfg = Debug|Any CPU
		{0843F14D-FFBE-4F00-B85B-A29F31AFF09A}.Debug|Any CPU.Build.0 = Debug|Any CPU
		{0843F14D-FFBE-4F00-B85B-A29F31AFF09A}.Release|Any CPU.ActiveCfg = Release|Any CPU
		{0843F14D-FFBE-4F00-B85B-A29F31AFF09A}.Release|Any CPU.Build.0 = Release|Any CPU
		{A61A7CB2-B7AE-4D52-A6F5-EC5A546B40ED}.Debug|Any CPU.ActiveCfg = Debug|Any CPU
		{A61A7CB2-B7AE-4D52-A6F5-EC5A546B40ED}.Debug|Any CPU.Build.0 = Debug|Any CPU
		{A61A7CB2-B7AE-4D52-A6F5-EC5A546B40ED}.Release|Any CPU.ActiveCfg = Release|Any CPU
		{A61A7CB2-B7AE-4D52-A6F5-EC5A546B40ED}.Release|Any CPU.Build.0 = Release|Any CPU
	EndGlobalSection
	GlobalSection(SolutionProperties) = preSolution
		HideSolutionNode = FALSE
	EndGlobalSection
	GlobalSection(ExtensibilityGlobals) = postSolution
		SolutionGuid = {B151E547-1668-4B3D-9645-19E3BBD3C217}
	EndGlobalSection
EndGlobal
